
Microsoft Visual Studio Solution File, Format Version 12.00
# Visual Studio 15
VisualStudioVersion = 15.0.26124.0
MinimumVisualStudioVersion = 15.0.26124.0
Project("{FAE04EC0-301F-11D3-BF4B-00C04F79EFBC}") = "AddonCraft.CommandLineInterface", "src\AddonCraft.CommandLineInterface\AddonCraft.CommandLineInterface.csproj", "{CCE5265C-D1A0-43F3-92BF-823EB27E0ED5}"
EndProject
Project("{2150E333-8FDC-42A3-9474-1A3956D46DE8}") = "Tests", "Tests", "{C8A00906-BAC4-4AA9-AC24-DAD7FCF3C5B7}"
EndProject
Project("{FAE04EC0-301F-11D3-BF4B-00C04F79EFBC}") = "AddonCraft.CommandLineInterface.UnitTests", "tests\AddonCraft.CommandLineInterface.UnitTests\AddonCraft.CommandLineInterface.UnitTests.csproj", "{B254C647-5673-4FF6-AE5E-4C0F35BFC0F5}"
EndProject
Project("{FAE04EC0-301F-11D3-BF4B-00C04F79EFBC}") = "AddonCraft.Domain", "src\AddonCraft.Domain\AddonCraft.Domain.csproj", "{79A1CE57-2B06-41BA-8B7F-2B2A9ECB7AE7}"
EndProject
Project("{FAE04EC0-301F-11D3-BF4B-00C04F79EFBC}") = "AddonCraft.Application", "src\AddonCraft.Application\AddonCraft.Application.csproj", "{DEA330EB-758E-42B7-B14C-31B0DB2C4497}"
EndProject
Project("{FAE04EC0-301F-11D3-BF4B-00C04F79EFBC}") = "AddonCraft.Infrastructure", "src\AddonCraft.Infrastructure\AddonCraft.Infrastructure.csproj", "{8C4235A0-1AEE-4A4C-BE8A-81E42FC98101}"
EndProject
Project("{FAE04EC0-301F-11D3-BF4B-00C04F79EFBC}") = "AddonCraft.Domain.UnitTests", "tests\AddonCraft.Domain.UnitTests\AddonCraft.Domain.UnitTests.csproj", "{25E4FD7E-67EC-4C8D-BD69-61B0585385DD}"
EndProject
Project("{FAE04EC0-301F-11D3-BF4B-00C04F79EFBC}") = "AddonCraft.Application.UnitTests", "tests\AddonCraft.Application.UnitTests\AddonCraft.Application.UnitTests.csproj", "{D5A48160-4A10-4CF9-B48B-AD61448FCCF9}"
EndProject
Project("{FAE04EC0-301F-11D3-BF4B-00C04F79EFBC}") = "AddonCraft.Infrastructure.UnitTests", "tests\AddonCraft.Infrastructure.UnitTests\AddonCraft.Infrastructure.UnitTests.csproj", "{C8EBB36A-B6B7-4D86-97AB-D71F18C1A641}"
EndProject
Global
	GlobalSection(SolutionConfigurationPlatforms) = preSolution
		Debug|Any CPU = Debug|Any CPU
		Debug|x64 = Debug|x64
		Debug|x86 = Debug|x86
		Release|Any CPU = Release|Any CPU
		Release|x64 = Release|x64
		Release|x86 = Release|x86
	EndGlobalSection
	GlobalSection(SolutionProperties) = preSolution
		HideSolutionNode = FALSE
	EndGlobalSection
	GlobalSection(ProjectConfigurationPlatforms) = postSolution
		{CCE5265C-D1A0-43F3-92BF-823EB27E0ED5}.Debug|Any CPU.ActiveCfg = Debug|Any CPU
		{CCE5265C-D1A0-43F3-92BF-823EB27E0ED5}.Debug|Any CPU.Build.0 = Debug|Any CPU
		{CCE5265C-D1A0-43F3-92BF-823EB27E0ED5}.Debug|x64.ActiveCfg = Debug|Any CPU
		{CCE5265C-D1A0-43F3-92BF-823EB27E0ED5}.Debug|x64.Build.0 = Debug|Any CPU
		{CCE5265C-D1A0-43F3-92BF-823EB27E0ED5}.Debug|x86.ActiveCfg = Debug|Any CPU
		{CCE5265C-D1A0-43F3-92BF-823EB27E0ED5}.Debug|x86.Build.0 = Debug|Any CPU
		{CCE5265C-D1A0-43F3-92BF-823EB27E0ED5}.Release|Any CPU.ActiveCfg = Release|Any CPU
		{CCE5265C-D1A0-43F3-92BF-823EB27E0ED5}.Release|Any CPU.Build.0 = Release|Any CPU
		{CCE5265C-D1A0-43F3-92BF-823EB27E0ED5}.Release|x64.ActiveCfg = Release|Any CPU
		{CCE5265C-D1A0-43F3-92BF-823EB27E0ED5}.Release|x64.Build.0 = Release|Any CPU
		{CCE5265C-D1A0-43F3-92BF-823EB27E0ED5}.Release|x86.ActiveCfg = Release|Any CPU
		{CCE5265C-D1A0-43F3-92BF-823EB27E0ED5}.Release|x86.Build.0 = Release|Any CPU
		{B254C647-5673-4FF6-AE5E-4C0F35BFC0F5}.Debug|Any CPU.ActiveCfg = Debug|Any CPU
		{B254C647-5673-4FF6-AE5E-4C0F35BFC0F5}.Debug|Any CPU.Build.0 = Debug|Any CPU
		{B254C647-5673-4FF6-AE5E-4C0F35BFC0F5}.Debug|x64.ActiveCfg = Debug|Any CPU
		{B254C647-5673-4FF6-AE5E-4C0F35BFC0F5}.Debug|x64.Build.0 = Debug|Any CPU
		{B254C647-5673-4FF6-AE5E-4C0F35BFC0F5}.Debug|x86.ActiveCfg = Debug|Any CPU
		{B254C647-5673-4FF6-AE5E-4C0F35BFC0F5}.Debug|x86.Build.0 = Debug|Any CPU
		{B254C647-5673-4FF6-AE5E-4C0F35BFC0F5}.Release|Any CPU.ActiveCfg = Release|Any CPU
		{B254C647-5673-4FF6-AE5E-4C0F35BFC0F5}.Release|Any CPU.Build.0 = Release|Any CPU
		{B254C647-5673-4FF6-AE5E-4C0F35BFC0F5}.Release|x64.ActiveCfg = Release|Any CPU
		{B254C647-5673-4FF6-AE5E-4C0F35BFC0F5}.Release|x64.Build.0 = Release|Any CPU
		{B254C647-5673-4FF6-AE5E-4C0F35BFC0F5}.Release|x86.ActiveCfg = Release|Any CPU
		{B254C647-5673-4FF6-AE5E-4C0F35BFC0F5}.Release|x86.Build.0 = Release|Any CPU
		{79A1CE57-2B06-41BA-8B7F-2B2A9ECB7AE7}.Debug|Any CPU.ActiveCfg = Debug|Any CPU
		{79A1CE57-2B06-41BA-8B7F-2B2A9ECB7AE7}.Debug|Any CPU.Build.0 = Debug|Any CPU
		{79A1CE57-2B06-41BA-8B7F-2B2A9ECB7AE7}.Debug|x64.ActiveCfg = Debug|Any CPU
		{79A1CE57-2B06-41BA-8B7F-2B2A9ECB7AE7}.Debug|x64.Build.0 = Debug|Any CPU
		{79A1CE57-2B06-41BA-8B7F-2B2A9ECB7AE7}.Debug|x86.ActiveCfg = Debug|Any CPU
		{79A1CE57-2B06-41BA-8B7F-2B2A9ECB7AE7}.Debug|x86.Build.0 = Debug|Any CPU
		{79A1CE57-2B06-41BA-8B7F-2B2A9ECB7AE7}.Release|Any CPU.ActiveCfg = Release|Any CPU
		{79A1CE57-2B06-41BA-8B7F-2B2A9ECB7AE7}.Release|Any CPU.Build.0 = Release|Any CPU
		{79A1CE57-2B06-41BA-8B7F-2B2A9ECB7AE7}.Release|x64.ActiveCfg = Release|Any CPU
		{79A1CE57-2B06-41BA-8B7F-2B2A9ECB7AE7}.Release|x64.Build.0 = Release|Any CPU
		{79A1CE57-2B06-41BA-8B7F-2B2A9ECB7AE7}.Release|x86.ActiveCfg = Release|Any CPU
		{79A1CE57-2B06-41BA-8B7F-2B2A9ECB7AE7}.Release|x86.Build.0 = Release|Any CPU
		{DEA330EB-758E-42B7-B14C-31B0DB2C4497}.Debug|Any CPU.ActiveCfg = Debug|Any CPU
		{DEA330EB-758E-42B7-B14C-31B0DB2C4497}.Debug|Any CPU.Build.0 = Debug|Any CPU
		{DEA330EB-758E-42B7-B14C-31B0DB2C4497}.Debug|x64.ActiveCfg = Debug|Any CPU
		{DEA330EB-758E-42B7-B14C-31B0DB2C4497}.Debug|x64.Build.0 = Debug|Any CPU
		{DEA330EB-758E-42B7-B14C-31B0DB2C4497}.Debug|x86.ActiveCfg = Debug|Any CPU
		{DEA330EB-758E-42B7-B14C-31B0DB2C4497}.Debug|x86.Build.0 = Debug|Any CPU
		{DEA330EB-758E-42B7-B14C-31B0DB2C4497}.Release|Any CPU.ActiveCfg = Release|Any CPU
		{DEA330EB-758E-42B7-B14C-31B0DB2C4497}.Release|Any CPU.Build.0 = Release|Any CPU
		{DEA330EB-758E-42B7-B14C-31B0DB2C4497}.Release|x64.ActiveCfg = Release|Any CPU
		{DEA330EB-758E-42B7-B14C-31B0DB2C4497}.Release|x64.Build.0 = Release|Any CPU
		{DEA330EB-758E-42B7-B14C-31B0DB2C4497}.Release|x86.ActiveCfg = Release|Any CPU
		{DEA330EB-758E-42B7-B14C-31B0DB2C4497}.Release|x86.Build.0 = Release|Any CPU
		{8C4235A0-1AEE-4A4C-BE8A-81E42FC98101}.Debug|Any CPU.ActiveCfg = Debug|Any CPU
		{8C4235A0-1AEE-4A4C-BE8A-81E42FC98101}.Debug|Any CPU.Build.0 = Debug|Any CPU
		{8C4235A0-1AEE-4A4C-BE8A-81E42FC98101}.Debug|x64.ActiveCfg = Debug|Any CPU
		{8C4235A0-1AEE-4A4C-BE8A-81E42FC98101}.Debug|x64.Build.0 = Debug|Any CPU
		{8C4235A0-1AEE-4A4C-BE8A-81E42FC98101}.Debug|x86.ActiveCfg = Debug|Any CPU
		{8C4235A0-1AEE-4A4C-BE8A-81E42FC98101}.Debug|x86.Build.0 = Debug|Any CPU
		{8C4235A0-1AEE-4A4C-BE8A-81E42FC98101}.Release|Any CPU.ActiveCfg = Release|Any CPU
		{8C4235A0-1AEE-4A4C-BE8A-81E42FC98101}.Release|Any CPU.Build.0 = Release|Any CPU
		{8C4235A0-1AEE-4A4C-BE8A-81E42FC98101}.Release|x64.ActiveCfg = Release|Any CPU
		{8C4235A0-1AEE-4A4C-BE8A-81E42FC98101}.Release|x64.Build.0 = Release|Any CPU
		{8C4235A0-1AEE-4A4C-BE8A-81E42FC98101}.Release|x86.ActiveCfg = Release|Any CPU
		{8C4235A0-1AEE-4A4C-BE8A-81E42FC98101}.Release|x86.Build.0 = Release|Any CPU
		{25E4FD7E-67EC-4C8D-BD69-61B0585385DD}.Debug|Any CPU.ActiveCfg = Debug|Any CPU
		{25E4FD7E-67EC-4C8D-BD69-61B0585385DD}.Debug|Any CPU.Build.0 = Debug|Any CPU
		{25E4FD7E-67EC-4C8D-BD69-61B0585385DD}.Debug|x64.ActiveCfg = Debug|Any CPU
		{25E4FD7E-67EC-4C8D-BD69-61B0585385DD}.Debug|x64.Build.0 = Debug|Any CPU
		{25E4FD7E-67EC-4C8D-BD69-61B0585385DD}.Debug|x86.ActiveCfg = Debug|Any CPU
		{25E4FD7E-67EC-4C8D-BD69-61B0585385DD}.Debug|x86.Build.0 = Debug|Any CPU
		{25E4FD7E-67EC-4C8D-BD69-61B0585385DD}.Release|Any CPU.ActiveCfg = Release|Any CPU
		{25E4FD7E-67EC-4C8D-BD69-61B0585385DD}.Release|Any CPU.Build.0 = Release|Any CPU
		{25E4FD7E-67EC-4C8D-BD69-61B0585385DD}.Release|x64.ActiveCfg = Release|Any CPU
		{25E4FD7E-67EC-4C8D-BD69-61B0585385DD}.Release|x64.Build.0 = Release|Any CPU
		{25E4FD7E-67EC-4C8D-BD69-61B0585385DD}.Release|x86.ActiveCfg = Release|Any CPU
		{25E4FD7E-67EC-4C8D-BD69-61B0585385DD}.Release|x86.Build.0 = Release|Any CPU
		{D5A48160-4A10-4CF9-B48B-AD61448FCCF9}.Debug|Any CPU.ActiveCfg = Debug|Any CPU
		{D5A48160-4A10-4CF9-B48B-AD61448FCCF9}.Debug|Any CPU.Build.0 = Debug|Any CPU
		{D5A48160-4A10-4CF9-B48B-AD61448FCCF9}.Debug|x64.ActiveCfg = Debug|Any CPU
		{D5A48160-4A10-4CF9-B48B-AD61448FCCF9}.Debug|x64.Build.0 = Debug|Any CPU
		{D5A48160-4A10-4CF9-B48B-AD61448FCCF9}.Debug|x86.ActiveCfg = Debug|Any CPU
		{D5A48160-4A10-4CF9-B48B-AD61448FCCF9}.Debug|x86.Build.0 = Debug|Any CPU
		{D5A48160-4A10-4CF9-B48B-AD61448FCCF9}.Release|Any CPU.ActiveCfg = Release|Any CPU
		{D5A48160-4A10-4CF9-B48B-AD61448FCCF9}.Release|Any CPU.Build.0 = Release|Any CPU
		{D5A48160-4A10-4CF9-B48B-AD61448FCCF9}.Release|x64.ActiveCfg = Release|Any CPU
		{D5A48160-4A10-4CF9-B48B-AD61448FCCF9}.Release|x64.Build.0 = Release|Any CPU
		{D5A48160-4A10-4CF9-B48B-AD61448FCCF9}.Release|x86.ActiveCfg = Release|Any CPU
		{D5A48160-4A10-4CF9-B48B-AD61448FCCF9}.Release|x86.Build.0 = Release|Any CPU
		{C8EBB36A-B6B7-4D86-97AB-D71F18C1A641}.Debug|Any CPU.ActiveCfg = Debug|Any CPU
		{C8EBB36A-B6B7-4D86-97AB-D71F18C1A641}.Debug|Any CPU.Build.0 = Debug|Any CPU
		{C8EBB36A-B6B7-4D86-97AB-D71F18C1A641}.Debug|x64.ActiveCfg = Debug|Any CPU
		{C8EBB36A-B6B7-4D86-97AB-D71F18C1A641}.Debug|x64.Build.0 = Debug|Any CPU
		{C8EBB36A-B6B7-4D86-97AB-D71F18C1A641}.Debug|x86.ActiveCfg = Debug|Any CPU
		{C8EBB36A-B6B7-4D86-97AB-D71F18C1A641}.Debug|x86.Build.0 = Debug|Any CPU
		{C8EBB36A-B6B7-4D86-97AB-D71F18C1A641}.Release|Any CPU.ActiveCfg = Release|Any CPU
		{C8EBB36A-B6B7-4D86-97AB-D71F18C1A641}.Release|Any CPU.Build.0 = Release|Any CPU
		{C8EBB36A-B6B7-4D86-97AB-D71F18C1A641}.Release|x64.ActiveCfg = Release|Any CPU
		{C8EBB36A-B6B7-4D86-97AB-D71F18C1A641}.Release|x64.Build.0 = Release|Any CPU
		{C8EBB36A-B6B7-4D86-97AB-D71F18C1A641}.Release|x86.ActiveCfg = Release|Any CPU
		{C8EBB36A-B6B7-4D86-97AB-D71F18C1A641}.Release|x86.Build.0 = Release|Any CPU
	EndGlobalSection
	GlobalSection(NestedProjects) = preSolution
		{B254C647-5673-4FF6-AE5E-4C0F35BFC0F5} = {C8A00906-BAC4-4AA9-AC24-DAD7FCF3C5B7}
		{25E4FD7E-67EC-4C8D-BD69-61B0585385DD} = {C8A00906-BAC4-4AA9-AC24-DAD7FCF3C5B7}
		{D5A48160-4A10-4CF9-B48B-AD61448FCCF9} = {C8A00906-BAC4-4AA9-AC24-DAD7FCF3C5B7}
		{C8EBB36A-B6B7-4D86-97AB-D71F18C1A641} = {C8A00906-BAC4-4AA9-AC24-DAD7FCF3C5B7}
	EndGlobalSection
EndGlobal
